lockfileVersion: '9.0'

settings:
  autoInstallPeers: true
  excludeLinksFromLockfile: false

importers:

  .:
    devDependencies:
      '@types/node':
        specifier: ^24.4.0
        version: 24.4.0
      typescript:
        specifier: ^5.9.2
        version: 5.9.2

packages:

  '@types/node@24.4.0':
    resolution: {integrity: sha512-gUuVEAK4/u6F9wRLznPUU4WGUacSEBDPoC2TrBkw3GAnOLHBL45QdfHOXp1kJ4ypBGLxTOB+t7NJLpKoC3gznQ==}

  typescript@5.9.2:
    resolution: {integrity: sha512-CWBzXQrc/qOkhidw1OzBTQuYRbfyxDXJMVJ1XNwUHGROVmuaeiEm3OslpZ1RV96d7SKKjZKrSJu3+t/xlw3R9A==}
    engines: {node: '>=14.17'}
    hasBin: true

  undici-types@7.11.0:
    resolution: {integrity: sha512-kt1ZriHTi7MU+Z/r9DOdAI3ONdaR3M3csEaRc6ewa4f4dTvX4cQCbJ4NkEn0ohE4hHtq85+PhPSTY+pO/1PwgA==}

snapshots:

  '@types/node@24.4.0':
    dependencies:
      undici-types: 7.11.0

  typescript@5.9.2: {}

  undici-types@7.11.0: {}
